[[package]]
name = "docopt"
version = "0.6.2"
description = "Pythonic argument parser, that will make you smile"
category = "main"
optional = false
python-versions = "*"

[[package]]
name = "espeak-py"
version = "0.1.7"
description = "Python bindings for a narrow subset of espeak"
category = "main"
optional = false
python-versions = "*"

[[package]]
name = "num2words"
version = "0.5.10"
description = "Modules to convert numbers to words. Easily extensible."
category = "main"
optional = false
python-versions = "*"

[package.dependencies]
docopt = ">=0.6.2"

[[package]]
name = "smbus"
version = "1.1.post2"
description = "Python bindings for Linux SMBus access through i2c-dev"
category = "main"
optional = false
python-versions = "*"

[metadata]
lock-version = "1.1"
python-versions = "^3.8"
content-hash = "930939cb265f6a452333bb258d8e298d517378e4876fc2beed9ee31f4759a854"

[metadata.files]
docopt = [
    {file = "docopt-0.6.2.tar.gz", hash = "sha256:49b3a825280bd66b3aa83585ef59c4a8c82f2c8a522dbe754a8bc8d08c85c491"},
]
espeak-py = [
    {file = "espeak_py-0.1.7-cp310-cp310-manylinux_2_12_x86_64.manylinux2010_x86_64.whl", hash = "sha256:35982a19a4b46d0d5bc63fe23224e9f954dbd44f4f0ebd3e162b1e9e810f0f86"},
    {file = "espeak_py-0.1.7-cp36-cp36m-manylinux_2_12_x86_64.manylinux2010_x86_64.whl", hash = "sha256:36c4c28358bc962545af872e5904be1287cd67a1cd8af3b5ef0f4e3f46a857fb"},
    {file = "espeak_py-0.1.7-cp37-cp37m-macosx_10_7_x86_64.whl", hash = "sha256:7f6029a7aca82f4432be22d9a94f9f2e427bbb3e7e4cac8764e90abbddab896f"},
    {file = "espeak_py-0.1.7-cp37-cp37m-manylinux_2_12_x86_64.manylinux2010_x86_64.whl", hash = "sha256:444ab14a2f7ea724aedce616989590069d45b2070e06221117bdb0e33c925c1f"},
    {file = "espeak_py-0.1.7-cp38-cp38-manylinux_2_12_x86_64.manylinux2010_x86_64.whl", hash = "sha256:22a4a001d81bc788e859c0966798be75f942d407644c17ce00a642c1e62b55df"},
    {file = "espeak_py-0.1.7-cp39-cp39-macosx_10_7_x86_64.whl", hash = "sha256:215f9ffa419ed7d2e94dab7c2ea99a58477b794eb561b1d326b511fcb01bbe86"},
    {file = "espeak_py-0.1.7-cp39-cp39-manylinux_2_12_x86_64.manylinux2010_x86_64.whl", hash = "sha256:8b848efc3cbd07424caf4b7179aeb4e0940a3e0e1cbb5b2212a41578d0dcc79f"},
    {file = "espeak_py-0.1.7.tar.gz", hash = "sha256:7be38e56df45c62e06491cfacd5b39194db8558cbcbcdfbdbb96f85795e09147"},
]
num2words = [
    {file = "num2words-0.5.10-py3-none-any.whl", hash = "sha256:0b6e5f53f11d3005787e206d9c03382f459ef048a43c544e3db3b1e05a961548"},
    {file = "num2words-0.5.10.tar.gz", hash = "sha256:37cd4f60678f7e1045cdc3adf6acf93c8b41bf732da860f97d301f04e611cc57"},
]
smbus = [
    {file = "smbus-1.1.post2-cp27-cp27mu-linux_armv7l.whl", hash = "sha256:529f9effc383b6381534d1d845eaf1078bdd2d4e625c945b23cf274d5cf1c306"},
    {file = "smbus-1.1.post2-cp34-cp34m-linux_armv7l.whl", hash = "sha256:39923448455a41c6bbe823de62b191103dd711917056362d9e4b1d2c6ec0f06d"},
    {file = "smbus-1.1.post2-cp35-cp35m-linux_armv7l.whl", hash = "sha256:b467235734ae5c147c4ec0eff1afb9dba189d9d3cc086ed7e0d3dbf0ae485230"},
    {file = "smbus-1.1.post2.tar.gz", hash = "sha256:f96d345e0aa10053a8a4917634f1dc37ba1f656fa5cace7629b71777e90855c6"},
]
